
Microsoft Visual Studio Solution File, Format Version 12.00
# Visual Studio Version 16
VisualStudioVersion = 16.0.31313.79
MinimumVisualStudioVersion = 10.0.40219.1
Project("{9A19103F-16F7-4668-BE54-9A1E7A4F7556}") = "VemDeZap.Domain", "VemDeZap.Domain\VemDeZap.Domain.csproj", "{6666923A-F4E4-4EFF-89C9-17BA0A038C50}"
EndProject
Project("{FAE04EC0-301F-11D3-BF4B-00C04F79EFBC}") = "VemDeZap.Api", "VemDeZap.Api\VemDeZap.Api.csproj", "{34F22A52-CA04-4024-B618-C3AB278B6BE2}"
EndProject
Project("{FAE04EC0-301F-11D3-BF4B-00C04F79EFBC}") = "VemDeZap.Infra", "VemDeZap.Infra\VemDeZap.Infra.csproj", "{34C8FF1E-849B-4995-B6B8-C922A9DB99B2}"
EndProject
Global
	GlobalSection(SolutionConfigurationPlatforms) = preSolution
		Debug|Any CPU = Debug|Any CPU
		Release|Any CPU = Release|Any CPU
	EndGlobalSection
	GlobalSection(ProjectConfigurationPlatforms) = postSolution
		{6666923A-F4E4-4EFF-89C9-17BA0A038C50}.Debug|Any CPU.ActiveCfg = Debug|Any CPU
		{6666923A-F4E4-4EFF-89C9-17BA0A038C50}.Debug|Any CPU.Build.0 = Debug|Any CPU
		{6666923A-F4E4-4EFF-89C9-17BA0A038C50}.Release|Any CPU.ActiveCfg = Release|Any CPU
		{6666923A-F4E4-4EFF-89C9-17BA0A038C50}.Release|Any CPU.Build.0 = Release|Any CPU
		{34F22A52-CA04-4024-B618-C3AB278B6BE2}.Debug|Any CPU.ActiveCfg = Debug|Any CPU
		{34F22A52-CA04-4024-B618-C3AB278B6BE2}.Debug|Any CPU.Build.0 = Debug|Any CPU
		{34F22A52-CA04-4024-B618-C3AB278B6BE2}.Release|Any CPU.ActiveCfg = Release|Any CPU
		{34F22A52-CA04-4024-B618-C3AB278B6BE2}.Release|Any CPU.Build.0 = Release|Any CPU
		{34C8FF1E-849B-4995-B6B8-C922A9DB99B2}.Debug|Any CPU.ActiveCfg = Debug|Any CPU
		{34C8FF1E-849B-4995-B6B8-C922A9DB99B2}.Debug|Any CPU.Build.0 = Debug|Any CPU
		{34C8FF1E-849B-4995-B6B8-C922A9DB99B2}.Release|Any CPU.ActiveCfg = Release|Any CPU
		{34C8FF1E-849B-4995-B6B8-C922A9DB99B2}.Release|Any CPU.Build.0 = Release|Any CPU
	EndGlobalSection
	GlobalSection(SolutionProperties) = preSolution
		HideSolutionNode = FALSE
	EndGlobalSection
	GlobalSection(ExtensibilityGlobals) = postSolution
		SolutionGuid = {17B93B1F-2E63-4399-8E16-FADCCFAA716F}
	EndGlobalSection
EndGlobal
